
Microsoft Visual Studio Solution File, Format Version 12.00
# Visual Studio 15
Project("{FAE04EC0-301F-11D3-BF4B-00C04F79EFBC}") = "DangEasy.Eventbrite", "DangEasy.Eventbrite\DangEasy.Eventbrite.csproj", "{AE98E9A2-91B5-4C00-BA94-5F36D6406FFD}"
EndProject
Project("{2150E333-8FDC-42A3-9474-1A3956D46DE8}") = "_Tests", "_Tests", "{56C640C6-A7ED-4567-8F08-B4AFE743F6EB}"
EndProject
Project("{FAE04EC0-301F-11D3-BF4B-00C04F79EFBC}") = "Library.Tests", "..\tests\Library.Tests\Library.Tests.csproj", "{3FD6CC8C-82ED-407D-B6F2-BA0E11F86120}"
EndProject
Global
	GlobalSection(SolutionConfigurationPlatforms) = preSolution
		Debug|Any CPU = Debug|Any CPU
		Release|Any CPU = Release|Any CPU
	EndGlobalSection
	GlobalSection(ProjectConfigurationPlatforms) = postSolution
		{9DA78B84-2F56-47F1-ACC9-2C23A492AB90}.Debug|Any CPU.ActiveCfg = Debug|Any CPU
		{9DA78B84-2F56-47F1-ACC9-2C23A492AB90}.Debug|Any CPU.Build.0 = Debug|Any CPU
		{9DA78B84-2F56-47F1-ACC9-2C23A492AB90}.Release|Any CPU.ActiveCfg = Release|Any CPU
		{9DA78B84-2F56-47F1-ACC9-2C23A492AB90}.Release|Any CPU.Build.0 = Release|Any CPU
		{AE98E9A2-91B5-4C00-BA94-5F36D6406FFD}.Debug|Any CPU.ActiveCfg = Debug|Any CPU
		{AE98E9A2-91B5-4C00-BA94-5F36D6406FFD}.Debug|Any CPU.Build.0 = Debug|Any CPU
		{AE98E9A2-91B5-4C00-BA94-5F36D6406FFD}.Release|Any CPU.ActiveCfg = Release|Any CPU
		{AE98E9A2-91B5-4C00-BA94-5F36D6406FFD}.Release|Any CPU.Build.0 = Release|Any CPU
		{84FD656D-000E-4932-ACEA-D1DA1AF77DF3}.Debug|Any CPU.ActiveCfg = Debug|Any CPU
		{84FD656D-000E-4932-ACEA-D1DA1AF77DF3}.Debug|Any CPU.Build.0 = Debug|Any CPU
		{84FD656D-000E-4932-ACEA-D1DA1AF77DF3}.Release|Any CPU.ActiveCfg = Release|Any CPU
		{84FD656D-000E-4932-ACEA-D1DA1AF77DF3}.Release|Any CPU.Build.0 = Release|Any CPU
		#{7E0E0846-9C80-4B3E-844D-8AEC5C132809}.Debug|Any CPU.ActiveCfg = Debug|Any CPU
		#{7E0E0846-9C80-4B3E-844D-8AEC5C132809}.Debug|Any CPU.Build.0 = Debug|Any CPU
		#{7E0E0846-9C80-4B3E-844D-8AEC5C132809}.Release|Any CPU.ActiveCfg = Release|Any CPU
		#{7E0E0846-9C80-4B3E-844D-8AEC5C132809}.Release|Any CPU.Build.0 = Release|Any CPU
		{26089AAF-3E4F-4334-81BE-2DA409710D4F}.Debug|Any CPU.ActiveCfg = Debug|Any CPU
		{26089AAF-3E4F-4334-81BE-2DA409710D4F}.Debug|Any CPU.Build.0 = Debug|Any CPU
		{26089AAF-3E4F-4334-81BE-2DA409710D4F}.Release|Any CPU.ActiveCfg = Release|Any CPU
		{26089AAF-3E4F-4334-81BE-2DA409710D4F}.Release|Any CPU.Build.0 = Release|Any CPU
		#{6669CB06-728A-4A34-9314-4BD7E9D34568}.Debug|Any CPU.ActiveCfg = Debug|Any CPU
		#{6669CB06-728A-4A34-9314-4BD7E9D34568}.Debug|Any CPU.Build.0 = Debug|Any CPU
		#{6669CB06-728A-4A34-9314-4BD7E9D34568}.Release|Any CPU.ActiveCfg = Release|Any CPU
		#{6669CB06-728A-4A34-9314-4BD7E9D34568}.Release|Any CPU.Build.0 = Release|Any CPU
		{3FD6CC8C-82ED-407D-B6F2-BA0E11F86120}.Debug|Any CPU.ActiveCfg = Debug|Any CPU
		{3FD6CC8C-82ED-407D-B6F2-BA0E11F86120}.Debug|Any CPU.Build.0 = Debug|Any CPU
		{3FD6CC8C-82ED-407D-B6F2-BA0E11F86120}.Release|Any CPU.ActiveCfg = Release|Any CPU
		{3FD6CC8C-82ED-407D-B6F2-BA0E11F86120}.Release|Any CPU.Build.0 = Release|Any CPU
	EndGlobalSection
	GlobalSection(NestedProjects) = preSolution
		#{7E0E0846-9C80-4B3E-844D-8AEC5C132809} = {6042594D-9CFC-48A1-B719-8D2CE4E213DD}
		#{6669CB06-728A-4A34-9314-4BD7E9D34568} = {6042594D-9CFC-48A1-B719-8D2CE4E213DD}
		{3FD6CC8C-82ED-407D-B6F2-BA0E11F86120} = {56C640C6-A7ED-4567-8F08-B4AFE743F6EB}
	EndGlobalSection
EndGlobal
